
Microsoft Visual Studio Solution File, Format Version 12.00
# Visual Studio Version 16
VisualStudioVersion = 16.0.30406.217
MinimumVisualStudioVersion = 10.0.40219.1
Project("{2150E333-8FDC-42A3-9474-1A3956D46DE8}") = "Services", "Services", "{9BDF023B-94C6-441A-A9CA-AA912A5388DC}"
EndProject
Project("{2150E333-8FDC-42A3-9474-1A3956D46DE8}") = "Catalog", "Catalog", "{1EFF5635-4749-47CC-8375-F4B32ACBBDF0}"
EndProject
Project("{9A19103F-16F7-4668-BE54-9A1E7A4F7556}") = "Catalog.API", "Services\Catalog\Catalog.API\Catalog.API.csproj", "{05B4CDB5-D3F2-4488-A5FA-C57A44512898}"
EndProject
Project("{E53339B2-1760-4266-BCC7-CA923CBCF16C}") = "docker-compose", "docker-compose.dcproj", "{7B24CDC3-9287-478F-8469-565A7E373EC4}"
EndProject
Global
	GlobalSection(SolutionConfigurationPlatforms) = preSolution
		Debug|Any CPU = Debug|Any CPU
		Release|Any CPU = Release|Any CPU
	EndGlobalSection
	GlobalSection(ProjectConfigurationPlatforms) = postSolution
		{05B4CDB5-D3F2-4488-A5FA-C57A44512898}.Debug|Any CPU.ActiveCfg = Debug|Any CPU
		{05B4CDB5-D3F2-4488-A5FA-C57A44512898}.Debug|Any CPU.Build.0 = Debug|Any CPU
		{05B4CDB5-D3F2-4488-A5FA-C57A44512898}.Release|Any CPU.ActiveCfg = Release|Any CPU
		{05B4CDB5-D3F2-4488-A5FA-C57A44512898}.Release|Any CPU.Build.0 = Release|Any CPU
		{7B24CDC3-9287-478F-8469-565A7E373EC4}.Debug|Any CPU.ActiveCfg = Debug|Any CPU
		{7B24CDC3-9287-478F-8469-565A7E373EC4}.Debug|Any CPU.Build.0 = Debug|Any CPU
		{7B24CDC3-9287-478F-8469-565A7E373EC4}.Release|Any CPU.ActiveCfg = Release|Any CPU
		{7B24CDC3-9287-478F-8469-565A7E373EC4}.Release|Any CPU.Build.0 = Release|Any CPU
	EndGlobalSection
	GlobalSection(SolutionProperties) = preSolution
		HideSolutionNode = FALSE
	EndGlobalSection
	GlobalSection(NestedProjects) = preSolution
		{1EFF5635-4749-47CC-8375-F4B32ACBBDF0} = {9BDF023B-94C6-441A-A9CA-AA912A5388DC}
		{05B4CDB5-D3F2-4488-A5FA-C57A44512898} = {1EFF5635-4749-47CC-8375-F4B32ACBBDF0}
	EndGlobalSection
	GlobalSection(ExtensibilityGlobals) = postSolution
		SolutionGuid = {33DC6C9D-911A-4DEA-9AF8-349664F16185}
	EndGlobalSection
EndGlobal
